{
  "name": "@alebianco/lib-aoc",
  "version": "1.0.0",
  "lockfileVersion": 3,
  "requires": true,
  "packages": {
    "": {
      "name": "@alebianco/lib-aoc",
      "version": "1.0.0",
      "license": "unlicense",
      "engines": {
        "node": "^19.4.0",
        "npm": "^9.2.0"
      }
    }
  }
}
